<?xml version="1.0" encoding="utf-8"?>
<Project ToolsVersion="4.0" xmlns="http://schemas.microsoft.com/developer/msbuild/2003">
  <ItemGroup>
    <Filter Include="Source Files">
      <UniqueIdentifier>{4FC737F1-C7A5-4376-A066-2A32D752A2FF}</UniqueIdentifier>
      <Extensions>cpp;c;cc;cxx;def;odl;idl;hpj;bat;asm;asmx</Extensions>
    </Filter>
    <Filter Include="Header Files">
      <UniqueIdentifier>{93995380-89BD-4b04-88EB-625FBE52EBFB}</UniqueIdentifier>
      <Extensions>h;hh;hpp;hxx;hm;inl;inc;xsd</Extensions>
    </Filter>
    <Filter Include="Resource Files">
      <UniqueIdentifier>{67DA6AB6-F800-4c08-8B7A-83BB121AAD01}</UniqueIdentifier>
      <Extensions>rc;ico;cur;bmp;dlg;rc2;rct;bin;rgs;gif;jpg;jpeg;jpe;resx;tiff;tif;png;wav;mfcribbon-ms</Extensions>
    </Filter>
  </ItemGroup>
  <ItemGroup>
    <Text Include="ReadMe.txt" />
  </ItemGroup>
  <ItemGroup>
    <ClInclude Include="stdafx.h">
      <Filter>Header Files</Filter>
    </ClInclude>
    <ClInclude Include="targetver.h">
      <Filter>Header Files</Filter>
    </ClInclude>
    <ClInclude Include="Interceptor.h">
      <Filter>Header Files</Filter>
    </ClInclude>
    <ClInclude Include="FunctionDepth.h">
      <Filter>Header Files</Filter>
    </ClInclude>
    <ClInclude Include="InterceptorConfig.h">
      <Filter>Header Files</Filter>
    </ClInclude>
    <ClInclude Include="Interceptor_Internal.h">
      <Filter>Header Files</Filter>
    </ClInclude>
    <ClInclude Include="Hook.h">
      <Filter>Header Files</Filter>
    </ClInclude>
    <ClInclude Include="CallGraphRecorder\CallGraphRecorder.h">
      <Filter>Header Files</Filter>
    </ClInclude>
    <ClInclude Include="CallGraphRecorder\CallStackRecord.h">
      <Filter>Header Files</Filter>
    </ClInclude>
    <ClInclude Include="CallGraphRecorder\CallGraphHTML.h">
      <Filter>Header Files</Filter>
    </ClInclude>
    <ClInclude Include="CallGraphRecorder\CallStackLazyRecord.h">
      <Filter>Header Files</Filter>
    </ClInclude>
    <ClInclude Include="SymbolResolver\SymbolResolver.h">
      <Filter>Header Files</Filter>
    </ClInclude>
    <ClInclude Include="ConfigurationLoader.h">
      <Filter>Header Files</Filter>
    </ClInclude>
    <ClInclude Include="Utils\InterceptorUtils.h">
      <Filter>Header Files</Filter>
    </ClInclude>
    <ClInclude Include="Utils\NonRecursiveLock.h">
      <Filter>Header Files</Filter>
    </ClInclude>
    <ClInclude Include="Utils\MemoryCache.h">
      <Filter>Header Files</Filter>
    </ClInclude>
    <ClInclude Include="Utils\Logger.h">
      <Filter>Header Files</Filter>
    </ClInclude>
    <ClInclude Include="Utils\BlockingQueue.h">
      <Filter>Header Files</Filter>
    </ClInclude>
    <ClInclude Include="SymbolResolver\SymbolDB.h">
      <Filter>Header Files</Filter>
    </ClInclude>
    <ClInclude Include="Utils\StringIndexer.h">
      <Filter>Header Files</Filter>
    </ClInclude>
    <ClInclude Include="Utils\IdGen.h">
      <Filter>Header Files</Filter>
    </ClInclude>
    <ClInclude Include="SymbolResolver\SymbolStructures.h">
      <Filter>Header Files</Filter>
    </ClInclude>
    <ClInclude Include="CallGraphRecorder\CallGraphTimeline.h">
      <Filter>Header Files</Filter>
    </ClInclude>
  </ItemGroup>
  <ItemGroup>
    <ClCompile Include="stdafx.cpp">
      <Filter>Source Files</Filter>
    </ClCompile>
    <ClCompile Include="Interceptor.cpp">
      <Filter>Source Files</Filter>
    </ClCompile>
    <ClCompile Include="dllmain.cpp">
      <Filter>Source Files</Filter>
    </ClCompile>
    <ClCompile Include="FunctionDepth.cpp">
      <Filter>Source Files</Filter>
    </ClCompile>
    <ClCompile Include="Interceptor_internal.cpp">
      <Filter>Source Files</Filter>
    </ClCompile>
    <ClCompile Include="CallGraphRecorder\CallGraphRecorder.cpp">
      <Filter>Source Files</Filter>
    </ClCompile>
    <ClCompile Include="CallGraphRecorder\CallStackRecord.cpp">
      <Filter>Source Files</Filter>
    </ClCompile>
    <ClCompile Include="SymbolResolver\SymbolResolver.cpp">
      <Filter>Source Files</Filter>
    </ClCompile>
    <ClCompile Include="ConfigurationLoader.cpp">
      <Filter>Source Files</Filter>
    </ClCompile>
    <ClCompile Include="Utils\InterceptorUtils.cpp">
      <Filter>Source Files</Filter>
    </ClCompile>
    <ClCompile Include="SymbolResolver\SymbolDB.cpp">
      <Filter>Source Files</Filter>
    </ClCompile>
    <ClCompile Include="Utils\StringIndexer.cpp">
      <Filter>Source Files</Filter>
    </ClCompile>
    <ClCompile Include="CallGraphRecorder\CallGraphTimeline.cpp">
      <Filter>Source Files</Filter>
    </ClCompile>
  </ItemGroup>
  <ItemGroup>
    <MASM Include="Assem64.asm">
      <Filter>Source Files</Filter>
    </MASM>
  </ItemGroup>
</Project>